
Microsoft Visual Studio Solution File, Format Version 12.00
# Visual Studio Version 17
VisualStudioVersion = 17.9.34723.18
MinimumVisualStudioVersion = 10.0.40219.1
Project("{FAE04EC0-301F-11D3-BF4B-00C04F79EFBC}") = "ProjetoCliente", "ProjetoCliente.csproj", "{16854AFF-509E-4AB1-B6C8-3280A2E62605}"
EndProject
Global
	GlobalSection(SolutionConfigurationPlatforms) = preSolution
		Debug|Any CPU = Debug|Any CPU
		Release|Any CPU = Release|Any CPU
	EndGlobalSection
	GlobalSection(ProjectConfigurationPlatforms) = postSolution
		{16854AFF-509E-4AB1-B6C8-3280A2E62605}.Debug|Any CPU.ActiveCfg = Debug|Any CPU
		{16854AFF-509E-4AB1-B6C8-3280A2E62605}.Debug|Any CPU.Build.0 = Debug|Any CPU
		{16854AFF-509E-4AB1-B6C8-3280A2E62605}.Release|Any CPU.ActiveCfg = Release|Any CPU
		{16854AFF-509E-4AB1-B6C8-3280A2E62605}.Release|Any CPU.Build.0 = Release|Any CPU
	EndGlobalSection
	GlobalSection(SolutionProperties) = preSolution
		HideSolutionNode = FALSE
	EndGlobalSection
	GlobalSection(ExtensibilityGlobals) = postSolution
		SolutionGuid = {91C3AF8E-0421-43FE-AA80-FA7CB05464CA}
	EndGlobalSection
EndGlobal
